
Microsoft Visual Studio Solution File, Format Version 12.00
# Visual Studio Version 17
VisualStudioVersion = 17.0.31903.59
MinimumVisualStudioVersion = 10.0.40219.1
Project("{2150E333-8FDC-42A3-9474-1A3956D46DE8}") = "Solution Items", "Solution Items", "{7C7D453C-FA14-4A91-9E34-6F86B7CE190F}"
	ProjectSection(SolutionItems) = preProject
		.gitignore = .gitignore
	EndProjectSection
EndProject
Project("{2150E333-8FDC-42A3-9474-1A3956D46DE8}") = "infrastructure", "infrastructure", "{7913BE35-1928-4BA3-8799-CC97453BD3ED}"
EndProject
Project("{2150E333-8FDC-42A3-9474-1A3956D46DE8}") = "src", "src", "{32A4BD4C-4E4B-45BC-865D-B967DC53A8D5}"
EndProject
Project("{2150E333-8FDC-42A3-9474-1A3956D46DE8}") = "ui", "ui", "{0DF5186B-8E3D-4B48-9427-6066D94ADD63}"
EndProject
Project("{FAE04EC0-301F-11D3-BF4B-00C04F79EFBC}") = "cistilec.api", "src\ui\cistilec.api\cistilec.api.csproj", "{A035424D-3C38-4BF9-B0D3-01FA151280D7}"
EndProject
Global
	GlobalSection(SolutionConfigurationPlatforms) = preSolution
		Debug|Any CPU = Debug|Any CPU
		Release|Any CPU = Release|Any CPU
	EndGlobalSection
	GlobalSection(ProjectConfigurationPlatforms) = postSolution
		{A035424D-3C38-4BF9-B0D3-01FA151280D7}.Debug|Any CPU.ActiveCfg = Debug|Any CPU
		{A035424D-3C38-4BF9-B0D3-01FA151280D7}.Debug|Any CPU.Build.0 = Debug|Any CPU
		{A035424D-3C38-4BF9-B0D3-01FA151280D7}.Release|Any CPU.ActiveCfg = Release|Any CPU
		{A035424D-3C38-4BF9-B0D3-01FA151280D7}.Release|Any CPU.Build.0 = Release|Any CPU
	EndGlobalSection
	GlobalSection(SolutionProperties) = preSolution
		HideSolutionNode = FALSE
	EndGlobalSection
	GlobalSection(NestedProjects) = preSolution
		{0DF5186B-8E3D-4B48-9427-6066D94ADD63} = {32A4BD4C-4E4B-45BC-865D-B967DC53A8D5}
		{A035424D-3C38-4BF9-B0D3-01FA151280D7} = {0DF5186B-8E3D-4B48-9427-6066D94ADD63}
	EndGlobalSection
EndGlobal
